
Microsoft Visual Studio Solution File, Format Version 12.00
# Visual Studio Version 17
VisualStudioVersion = 17.9.34728.123
MinimumVisualStudioVersion = 10.0.40219.1
Project("{FAE04EC0-301F-11D3-BF4B-00C04F79EFBC}") = "NASA-app-Gruncl", "NASA-app-Gruncl\NASA-app-Gruncl.csproj", "{B197CCBD-FB31-4823-9F46-02A2FDDA3DDC}"
EndProject
Global
	GlobalSection(SolutionConfigurationPlatforms) = preSolution
		Debug|Any CPU = Debug|Any CPU
		Release|Any CPU = Release|Any CPU
	EndGlobalSection
	GlobalSection(ProjectConfigurationPlatforms) = postSolution
		{B197CCBD-FB31-4823-9F46-02A2FDDA3DDC}.Debug|Any CPU.ActiveCfg = Debug|Any CPU
		{B197CCBD-FB31-4823-9F46-02A2FDDA3DDC}.Debug|Any CPU.Build.0 = Debug|Any CPU
		{B197CCBD-FB31-4823-9F46-02A2FDDA3DDC}.Release|Any CPU.ActiveCfg = Release|Any CPU
		{B197CCBD-FB31-4823-9F46-02A2FDDA3DDC}.Release|Any CPU.Build.0 = Release|Any CPU
	EndGlobalSection
	GlobalSection(SolutionProperties) = preSolution
		HideSolutionNode = FALSE
	EndGlobalSection
	GlobalSection(ExtensibilityGlobals) = postSolution
		SolutionGuid = {C234DAF2-7DE8-40AA-9089-8791D4642DBC}
	EndGlobalSection
EndGlobal
